
Microsoft Visual Studio Solution File, Format Version 12.00
# Visual Studio Version 16
VisualStudioVersion = 16.0.31911.196
MinimumVisualStudioVersion = 10.0.40219.1
Project("{FAE04EC0-301F-11D3-BF4B-00C04F79EFBC}") = "TRMDataManager", "TRMDataManager\TRMDataManager.csproj", "{B53ABED4-AA0B-4F39-8890-185FC3E2F47A}"
EndProject
Project("{00D1A9C2-B5F0-4AF3-8072-F6C62B433612}") = "TRMData", "TRMData\TRMData.sqlproj", "{F8C4B29F-1203-453F-A4E8-43676F3DCC76}"
EndProject
Project("{FAE04EC0-301F-11D3-BF4B-00C04F79EFBC}") = "TRMDesktopUI", "TRMDesktopUI\TRMDesktopUI.csproj", "{F6BD3444-FABC-4D9F-BAA5-527D39C6E636}"
EndProject
Project("{9A19103F-16F7-4668-BE54-9A1E7A4F7556}") = "TRMDataManager.Library", "TRMDataManager.Library\TRMDataManager.Library.csproj", "{D4342F39-9534-426F-9C73-5429DAE23B07}"
EndProject
Project("{9A19103F-16F7-4668-BE54-9A1E7A4F7556}") = "TRMDesktopUI.Library", "TRMDesktopUI.Library\TRMDesktopUI.Library.csproj", "{35CA809A-3E96-4E12-8F4A-C9FC077CF128}"
EndProject
Project("{2150E333-8FDC-42A3-9474-1A3956D46DE8}") = "Database", "Database", "{CABBE696-80F6-4289-BBB7-13CB35DAECC5}"
EndProject
Project("{2150E333-8FDC-42A3-9474-1A3956D46DE8}") = "API", "API", "{D267554C-D877-487B-80FA-CB4C878777B7}"
EndProject
Project("{2150E333-8FDC-42A3-9474-1A3956D46DE8}") = "WPF", "WPF", "{DAC1C240-65D6-4136-BFE5-2EE68409E3AB}"
EndProject
Project("{FAE04EC0-301F-11D3-BF4B-00C04F79EFBC}") = "TRMApi", "TRMApi\TRMApi.csproj", "{CD22710F-8DCB-4045-B174-4BB08BAB31AC}"
EndProject
Global
	GlobalSection(SolutionConfigurationPlatforms) = preSolution
		Debug|Any CPU = Debug|Any CPU
		Release|Any CPU = Release|Any CPU
	EndGlobalSection
	GlobalSection(ProjectConfigurationPlatforms) = postSolution
		{B53ABED4-AA0B-4F39-8890-185FC3E2F47A}.Debug|Any CPU.ActiveCfg = Debug|Any CPU
		{B53ABED4-AA0B-4F39-8890-185FC3E2F47A}.Debug|Any CPU.Build.0 = Debug|Any CPU
		{B53ABED4-AA0B-4F39-8890-185FC3E2F47A}.Release|Any CPU.ActiveCfg = Release|Any CPU
		{B53ABED4-AA0B-4F39-8890-185FC3E2F47A}.Release|Any CPU.Build.0 = Release|Any CPU
		{F8C4B29F-1203-453F-A4E8-43676F3DCC76}.Debug|Any CPU.ActiveCfg = Debug|Any CPU
		{F8C4B29F-1203-453F-A4E8-43676F3DCC76}.Debug|Any CPU.Build.0 = Debug|Any CPU
		{F8C4B29F-1203-453F-A4E8-43676F3DCC76}.Debug|Any CPU.Deploy.0 = Debug|Any CPU
		{F8C4B29F-1203-453F-A4E8-43676F3DCC76}.Release|Any CPU.ActiveCfg = Release|Any CPU
		{F8C4B29F-1203-453F-A4E8-43676F3DCC76}.Release|Any CPU.Build.0 = Release|Any CPU
		{F8C4B29F-1203-453F-A4E8-43676F3DCC76}.Release|Any CPU.Deploy.0 = Release|Any CPU
		{F6BD3444-FABC-4D9F-BAA5-527D39C6E636}.Debug|Any CPU.ActiveCfg = Debug|Any CPU
		{F6BD3444-FABC-4D9F-BAA5-527D39C6E636}.Debug|Any CPU.Build.0 = Debug|Any CPU
		{F6BD3444-FABC-4D9F-BAA5-527D39C6E636}.Release|Any CPU.ActiveCfg = Release|Any CPU
		{F6BD3444-FABC-4D9F-BAA5-527D39C6E636}.Release|Any CPU.Build.0 = Release|Any CPU
		{D4342F39-9534-426F-9C73-5429DAE23B07}.Debug|Any CPU.ActiveCfg = Debug|Any CPU
		{D4342F39-9534-426F-9C73-5429DAE23B07}.Debug|Any CPU.Build.0 = Debug|Any CPU
		{D4342F39-9534-426F-9C73-5429DAE23B07}.Release|Any CPU.ActiveCfg = Release|Any CPU
		{D4342F39-9534-426F-9C73-5429DAE23B07}.Release|Any CPU.Build.0 = Release|Any CPU
		{35CA809A-3E96-4E12-8F4A-C9FC077CF128}.Debug|Any CPU.ActiveCfg = Debug|Any CPU
		{35CA809A-3E96-4E12-8F4A-C9FC077CF128}.Debug|Any CPU.Build.0 = Debug|Any CPU
		{35CA809A-3E96-4E12-8F4A-C9FC077CF128}.Release|Any CPU.ActiveCfg = Release|Any CPU
		{35CA809A-3E96-4E12-8F4A-C9FC077CF128}.Release|Any CPU.Build.0 = Release|Any CPU
		{CD22710F-8DCB-4045-B174-4BB08BAB31AC}.Debug|Any CPU.ActiveCfg = Debug|Any CPU
		{CD22710F-8DCB-4045-B174-4BB08BAB31AC}.Debug|Any CPU.Build.0 = Debug|Any CPU
		{CD22710F-8DCB-4045-B174-4BB08BAB31AC}.Release|Any CPU.ActiveCfg = Release|Any CPU
		{CD22710F-8DCB-4045-B174-4BB08BAB31AC}.Release|Any CPU.Build.0 = Release|Any CPU
	EndGlobalSection
	GlobalSection(SolutionProperties) = preSolution
		HideSolutionNode = FALSE
	EndGlobalSection
	GlobalSection(NestedProjects) = preSolution
		{B53ABED4-AA0B-4F39-8890-185FC3E2F47A} = {D267554C-D877-487B-80FA-CB4C878777B7}
		{F8C4B29F-1203-453F-A4E8-43676F3DCC76} = {CABBE696-80F6-4289-BBB7-13CB35DAECC5}
		{F6BD3444-FABC-4D9F-BAA5-527D39C6E636} = {DAC1C240-65D6-4136-BFE5-2EE68409E3AB}
		{D4342F39-9534-426F-9C73-5429DAE23B07} = {D267554C-D877-487B-80FA-CB4C878777B7}
		{35CA809A-3E96-4E12-8F4A-C9FC077CF128} = {DAC1C240-65D6-4136-BFE5-2EE68409E3AB}
		{CD22710F-8DCB-4045-B174-4BB08BAB31AC} = {D267554C-D877-487B-80FA-CB4C878777B7}
	EndGlobalSection
	GlobalSection(ExtensibilityGlobals) = postSolution
		SolutionGuid = {9C4FB8A0-5880-472D-9E9E-17E0833A0BC5}
	EndGlobalSection
EndGlobal
